
Microsoft Visual Studio Solution File, Format Version 12.00
# Visual Studio 15
VisualStudioVersion = 15.0.26430.6
MinimumVisualStudioVersion = 10.0.40219.1
Project("{9A19103F-16F7-4668-BE54-9A1E7A4F7556}") = "NomDeBebe.Web", "NomDeBebe.Web\NomDeBebe.Web.csproj", "{25452C06-F4FB-4B9C-A922-B27DB52807CC}"
EndProject
Project("{9A19103F-16F7-4668-BE54-9A1E7A4F7556}") = "NomDeBebe.Data", "NomDeBebe.Data\NomDeBebe.Data.csproj", "{A1679E99-0601-4CCB-B55A-9E95451F92DC}"
EndProject
Project("{FAE04EC0-301F-11D3-BF4B-00C04F79EFBC}") = "ONSDataImporter", "ONSDataImporter\ONSDataImporter.csproj", "{DD44BA6E-94EE-4E2C-860E-7584AD90A8DB}"
EndProject
Project("{FAE04EC0-301F-11D3-BF4B-00C04F79EFBC}") = "NomDeBebe.Application", "NomDeBebe.Application\NomDeBebe.Application.csproj", "{FEBBB154-EA33-4E2D-AEE0-C75A663A6756}"
EndProject
Project("{2150E333-8FDC-42A3-9474-1A3956D46DE8}") = "Tests", "Tests", "{26BF6A76-DF16-44EE-94F0-1DF57CA9704B}"
EndProject
Project("{FAE04EC0-301F-11D3-BF4B-00C04F79EFBC}") = "OnsImporterTests", "OnsImporterTests\OnsImporterTests.csproj", "{617EB9B9-BAB1-4D34-BBC8-F28E0D74902C}"
EndProject
Global
	GlobalSection(SolutionConfigurationPlatforms) = preSolution
		Debug|Any CPU = Debug|Any CPU
		Release|Any CPU = Release|Any CPU
	EndGlobalSection
	GlobalSection(ProjectConfigurationPlatforms) = postSolution
		{25452C06-F4FB-4B9C-A922-B27DB52807CC}.Debug|Any CPU.ActiveCfg = Debug|Any CPU
		{25452C06-F4FB-4B9C-A922-B27DB52807CC}.Debug|Any CPU.Build.0 = Debug|Any CPU
		{25452C06-F4FB-4B9C-A922-B27DB52807CC}.Release|Any CPU.ActiveCfg = Release|Any CPU
		{25452C06-F4FB-4B9C-A922-B27DB52807CC}.Release|Any CPU.Build.0 = Release|Any CPU
		{A1679E99-0601-4CCB-B55A-9E95451F92DC}.Debug|Any CPU.ActiveCfg = Debug|Any CPU
		{A1679E99-0601-4CCB-B55A-9E95451F92DC}.Debug|Any CPU.Build.0 = Debug|Any CPU
		{A1679E99-0601-4CCB-B55A-9E95451F92DC}.Release|Any CPU.ActiveCfg = Release|Any CPU
		{A1679E99-0601-4CCB-B55A-9E95451F92DC}.Release|Any CPU.Build.0 = Release|Any CPU
		{DD44BA6E-94EE-4E2C-860E-7584AD90A8DB}.Debug|Any CPU.ActiveCfg = Debug|Any CPU
		{DD44BA6E-94EE-4E2C-860E-7584AD90A8DB}.Debug|Any CPU.Build.0 = Debug|Any CPU
		{DD44BA6E-94EE-4E2C-860E-7584AD90A8DB}.Release|Any CPU.ActiveCfg = Release|Any CPU
		{DD44BA6E-94EE-4E2C-860E-7584AD90A8DB}.Release|Any CPU.Build.0 = Release|Any CPU
		{FEBBB154-EA33-4E2D-AEE0-C75A663A6756}.Debug|Any CPU.ActiveCfg = Debug|Any CPU
		{FEBBB154-EA33-4E2D-AEE0-C75A663A6756}.Debug|Any CPU.Build.0 = Debug|Any CPU
		{FEBBB154-EA33-4E2D-AEE0-C75A663A6756}.Release|Any CPU.ActiveCfg = Release|Any CPU
		{FEBBB154-EA33-4E2D-AEE0-C75A663A6756}.Release|Any CPU.Build.0 = Release|Any CPU
		{617EB9B9-BAB1-4D34-BBC8-F28E0D74902C}.Debug|Any CPU.ActiveCfg = Debug|Any CPU
		{617EB9B9-BAB1-4D34-BBC8-F28E0D74902C}.Debug|Any CPU.Build.0 = Debug|Any CPU
		{617EB9B9-BAB1-4D34-BBC8-F28E0D74902C}.Release|Any CPU.ActiveCfg = Release|Any CPU
		{617EB9B9-BAB1-4D34-BBC8-F28E0D74902C}.Release|Any CPU.Build.0 = Release|Any CPU
	EndGlobalSection
	GlobalSection(SolutionProperties) = preSolution
		HideSolutionNode = FALSE
	EndGlobalSection
	GlobalSection(NestedProjects) = preSolution
		{617EB9B9-BAB1-4D34-BBC8-F28E0D74902C} = {26BF6A76-DF16-44EE-94F0-1DF57CA9704B}
	EndGlobalSection
EndGlobal
